
Microsoft Visual Studio Solution File, Format Version 12.00
# Visual Studio Version 17
VisualStudioVersion = 17.7.34003.232
MinimumVisualStudioVersion = 10.0.40219.1
Project("{9A19103F-16F7-4668-BE54-9A1E7A4F7556}") = "PS1_MIC_090-Core", "RazorCoreApp\PS1_MIC_090-Core.csproj", "{0976C8E7-31BC-4FEC-906D-D2CEB122EB8E}"
EndProject
Project("{9A19103F-16F7-4668-BE54-9A1E7A4F7556}") = "BlazorApp.Server", "BlazorApp\Server\BlazorApp.Server.csproj", "{F6C3C7CB-FF25-4D31-B7D7-C83952648F6D}"
EndProject
Project("{9A19103F-16F7-4668-BE54-9A1E7A4F7556}") = "BlazorApp.Client", "BlazorApp\Client\BlazorApp.Client.csproj", "{7AC80C09-2CE4-467B-8ED9-55449F0D28DA}"
EndProject
Project("{9A19103F-16F7-4668-BE54-9A1E7A4F7556}") = "BlazorApp.Shared", "BlazorApp\Shared\BlazorApp.Shared.csproj", "{AA83CA8A-9576-4C86-BE5A-06D72E2239F3}"
EndProject
Global
	GlobalSection(SolutionConfigurationPlatforms) = preSolution
		Debug|Any CPU = Debug|Any CPU
		Release|Any CPU = Release|Any CPU
	EndGlobalSection
	GlobalSection(ProjectConfigurationPlatforms) = postSolution
		{0976C8E7-31BC-4FEC-906D-D2CEB122EB8E}.Debug|Any CPU.ActiveCfg = Debug|Any CPU
		{0976C8E7-31BC-4FEC-906D-D2CEB122EB8E}.Debug|Any CPU.Build.0 = Debug|Any CPU
		{0976C8E7-31BC-4FEC-906D-D2CEB122EB8E}.Release|Any CPU.ActiveCfg = Release|Any CPU
		{0976C8E7-31BC-4FEC-906D-D2CEB122EB8E}.Release|Any CPU.Build.0 = Release|Any CPU
		{F6C3C7CB-FF25-4D31-B7D7-C83952648F6D}.Debug|Any CPU.ActiveCfg = Debug|Any CPU
		{F6C3C7CB-FF25-4D31-B7D7-C83952648F6D}.Debug|Any CPU.Build.0 = Debug|Any CPU
		{F6C3C7CB-FF25-4D31-B7D7-C83952648F6D}.Release|Any CPU.ActiveCfg = Release|Any CPU
		{F6C3C7CB-FF25-4D31-B7D7-C83952648F6D}.Release|Any CPU.Build.0 = Release|Any CPU
		{7AC80C09-2CE4-467B-8ED9-55449F0D28DA}.Debug|Any CPU.ActiveCfg = Debug|Any CPU
		{7AC80C09-2CE4-467B-8ED9-55449F0D28DA}.Debug|Any CPU.Build.0 = Debug|Any CPU
		{7AC80C09-2CE4-467B-8ED9-55449F0D28DA}.Release|Any CPU.ActiveCfg = Release|Any CPU
		{7AC80C09-2CE4-467B-8ED9-55449F0D28DA}.Release|Any CPU.Build.0 = Release|Any CPU
		{AA83CA8A-9576-4C86-BE5A-06D72E2239F3}.Debug|Any CPU.ActiveCfg = Debug|Any CPU
		{AA83CA8A-9576-4C86-BE5A-06D72E2239F3}.Debug|Any CPU.Build.0 = Debug|Any CPU
		{AA83CA8A-9576-4C86-BE5A-06D72E2239F3}.Release|Any CPU.ActiveCfg = Release|Any CPU
		{AA83CA8A-9576-4C86-BE5A-06D72E2239F3}.Release|Any CPU.Build.0 = Release|Any CPU
	EndGlobalSection
	GlobalSection(SolutionProperties) = preSolution
		HideSolutionNode = FALSE
	EndGlobalSection
	GlobalSection(ExtensibilityGlobals) = postSolution
		SolutionGuid = {C4611D62-9BD7-42F9-9F34-FFD687AA7381}
	EndGlobalSection
EndGlobal
